
Microsoft Visual Studio Solution File, Format Version 12.00
# Visual Studio Version 16
VisualStudioVersion = 16.0.29409.12
MinimumVisualStudioVersion = 10.0.40219.1
Project("{FAE04EC0-301F-11D3-BF4B-00C04F79EFBC}") = "WebApiAjax", "WebApiAjax\WebApiAjax.csproj", "{2DB1B898-287A-4425-92B2-F29D28B95AE5}"
EndProject
Global
	GlobalSection(SolutionConfigurationPlatforms) = preSolution
		Debug|Any CPU = Debug|Any CPU
		Release|Any CPU = Release|Any CPU
	EndGlobalSection
	GlobalSection(ProjectConfigurationPlatforms) = postSolution
		{2DB1B898-287A-4425-92B2-F29D28B95AE5}.Debug|Any CPU.ActiveCfg = Debug|Any CPU
		{2DB1B898-287A-4425-92B2-F29D28B95AE5}.Debug|Any CPU.Build.0 = Debug|Any CPU
		{2DB1B898-287A-4425-92B2-F29D28B95AE5}.Release|Any CPU.ActiveCfg = Release|Any CPU
		{2DB1B898-287A-4425-92B2-F29D28B95AE5}.Release|Any CPU.Build.0 = Release|Any CPU
	EndGlobalSection
	GlobalSection(SolutionProperties) = preSolution
		HideSolutionNode = FALSE
	EndGlobalSection
	GlobalSection(ExtensibilityGlobals) = postSolution
		SolutionGuid = {C3FC2FCD-6E6A-4BCF-8188-65BC5151C1B1}
	EndGlobalSection
EndGlobal
