
Microsoft Visual Studio Solution File, Format Version 12.00
# Visual Studio Version 16
VisualStudioVersion = 16.0.29409.12
MinimumVisualStudioVersion = 10.0.40219.1
Project("{FAE04EC0-301F-11D3-BF4B-00C04F79EFBC}") = "CompanyApi", "CompanyApi\CompanyApi.csproj", "{FA4E3FE7-04C5-48AE-933D-1E348363FB5A}"
EndProject
Global
	GlobalSection(SolutionConfigurationPlatforms) = preSolution
		Debug|Any CPU = Debug|Any CPU
		Release|Any CPU = Release|Any CPU
	EndGlobalSection
	GlobalSection(ProjectConfigurationPlatforms) = postSolution
		{FA4E3FE7-04C5-48AE-933D-1E348363FB5A}.Debug|Any CPU.ActiveCfg = Debug|Any CPU
		{FA4E3FE7-04C5-48AE-933D-1E348363FB5A}.Debug|Any CPU.Build.0 = Debug|Any CPU
		{FA4E3FE7-04C5-48AE-933D-1E348363FB5A}.Release|Any CPU.ActiveCfg = Release|Any CPU
		{FA4E3FE7-04C5-48AE-933D-1E348363FB5A}.Release|Any CPU.Build.0 = Release|Any CPU
	EndGlobalSection
	GlobalSection(SolutionProperties) = preSolution
		HideSolutionNode = FALSE
	EndGlobalSection
	GlobalSection(ExtensibilityGlobals) = postSolution
		SolutionGuid = {235FF44B-5F13-43D7-AC48-A021A214ACEB}
	EndGlobalSection
EndGlobal
